
Microsoft Visual Studio Solution File, Format Version 12.00
# Visual Studio Version 17
VisualStudioVersion = 17.0.31903.59
MinimumVisualStudioVersion = 10.0.40219.1
Project("{9A19103F-16F7-4668-BE54-9A1E7A4F7556}") = "RemindMealData", "RemindMeal.Data\RemindMealData.csproj", "{779C2203-E9DF-4113-89A0-88D92850A7FB}"
EndProject
Project("{9A19103F-16F7-4668-BE54-9A1E7A4F7556}") = "RemindMeal", "RemindMeal.App\RemindMeal.csproj", "{5AA9866D-4A61-422D-A763-67AC873D9C2E}"
EndProject
Project("{9A19103F-16F7-4668-BE54-9A1E7A4F7556}") = "RemindMeal.Tests", "RemindMeal.App.Tests\RemindMeal.Tests.csproj", "{14D5E145-385F-4A9D-A6CF-D66BC3AC3436}"
EndProject
Global
	GlobalSection(SolutionConfigurationPlatforms) = preSolution
		Debug|Any CPU = Debug|Any CPU
		Release|Any CPU = Release|Any CPU
	EndGlobalSection
	GlobalSection(SolutionProperties) = preSolution
		HideSolutionNode = FALSE
	EndGlobalSection
	GlobalSection(ProjectConfigurationPlatforms) = postSolution
		{779C2203-E9DF-4113-89A0-88D92850A7FB}.Debug|Any CPU.ActiveCfg = Debug|Any CPU
		{779C2203-E9DF-4113-89A0-88D92850A7FB}.Debug|Any CPU.Build.0 = Debug|Any CPU
		{779C2203-E9DF-4113-89A0-88D92850A7FB}.Release|Any CPU.ActiveCfg = Release|Any CPU
		{779C2203-E9DF-4113-89A0-88D92850A7FB}.Release|Any CPU.Build.0 = Release|Any CPU
		{5AA9866D-4A61-422D-A763-67AC873D9C2E}.Debug|Any CPU.ActiveCfg = Debug|Any CPU
		{5AA9866D-4A61-422D-A763-67AC873D9C2E}.Debug|Any CPU.Build.0 = Debug|Any CPU
		{5AA9866D-4A61-422D-A763-67AC873D9C2E}.Release|Any CPU.ActiveCfg = Release|Any CPU
		{5AA9866D-4A61-422D-A763-67AC873D9C2E}.Release|Any CPU.Build.0 = Release|Any CPU
		{14D5E145-385F-4A9D-A6CF-D66BC3AC3436}.Debug|Any CPU.ActiveCfg = Debug|Any CPU
		{14D5E145-385F-4A9D-A6CF-D66BC3AC3436}.Debug|Any CPU.Build.0 = Debug|Any CPU
		{14D5E145-385F-4A9D-A6CF-D66BC3AC3436}.Release|Any CPU.ActiveCfg = Release|Any CPU
		{14D5E145-385F-4A9D-A6CF-D66BC3AC3436}.Release|Any CPU.Build.0 = Release|Any CPU
	EndGlobalSection
EndGlobal
